
Microsoft Visual Studio Solution File, Format Version 12.00
# Visual Studio Version 17
VisualStudioVersion = 17.7.34018.315
MinimumVisualStudioVersion = 10.0.40219.1
Project("{FAE04EC0-301F-11D3-BF4B-00C04F79EFBC}") = "AppSemTemplate", "src\AppSemTemplate\AppSemTemplate.csproj", "{B5C8DB06-73FA-47DE-AC08-7A5368A356FA}"
EndProject
Global
	GlobalSection(SolutionConfigurationPlatforms) = preSolution
		Debug|Any CPU = Debug|Any CPU
		Release|Any CPU = Release|Any CPU
	EndGlobalSection
	GlobalSection(ProjectConfigurationPlatforms) = postSolution
		{B5C8DB06-73FA-47DE-AC08-7A5368A356FA}.Debug|Any CPU.ActiveCfg = Debug|Any CPU
		{B5C8DB06-73FA-47DE-AC08-7A5368A356FA}.Debug|Any CPU.Build.0 = Debug|Any CPU
		{B5C8DB06-73FA-47DE-AC08-7A5368A356FA}.Release|Any CPU.ActiveCfg = Release|Any CPU
		{B5C8DB06-73FA-47DE-AC08-7A5368A356FA}.Release|Any CPU.Build.0 = Release|Any CPU
	EndGlobalSection
	GlobalSection(SolutionProperties) = preSolution
		HideSolutionNode = FALSE
	EndGlobalSection
	GlobalSection(ExtensibilityGlobals) = postSolution
		SolutionGuid = {19B4585C-1500-4F48-9534-37CEE3942BA7}
	EndGlobalSection
EndGlobal
